
Microsoft Visual Studio Solution File, Format Version 12.00
# Visual Studio Version 16
VisualStudioVersion = 16.0.29424.173
MinimumVisualStudioVersion = 10.0.40219.1
Project("{9A19103F-16F7-4668-BE54-9A1E7A4F7556}") = "edu_first", "edu-first\edu_first.csproj", "{F6BDB3A8-FD98-4937-8246-80AE18F08AA0}"
EndProject
Global
	GlobalSection(SolutionConfigurationPlatforms) = preSolution
		Debug|Any CPU = Debug|Any CPU
		Release|Any CPU = Release|Any CPU
	EndGlobalSection
	GlobalSection(ProjectConfigurationPlatforms) = postSolution
		{F6BDB3A8-FD98-4937-8246-80AE18F08AA0}.Debug|Any CPU.ActiveCfg = Debug|Any CPU
		{F6BDB3A8-FD98-4937-8246-80AE18F08AA0}.Debug|Any CPU.Build.0 = Debug|Any CPU
		{F6BDB3A8-FD98-4937-8246-80AE18F08AA0}.Release|Any CPU.ActiveCfg = Release|Any CPU
		{F6BDB3A8-FD98-4937-8246-80AE18F08AA0}.Release|Any CPU.Build.0 = Release|Any CPU
	EndGlobalSection
	GlobalSection(SolutionProperties) = preSolution
		HideSolutionNode = FALSE
	EndGlobalSection
	GlobalSection(ExtensibilityGlobals) = postSolution
		SolutionGuid = {45280C1C-6A14-48D4-BC67-68DB6D2935E3}
	EndGlobalSection
EndGlobal
